
Microsoft Visual Studio Solution File, Format Version 12.00
# Visual Studio 15
VisualStudioVersion = 15.0.28010.2048
MinimumVisualStudioVersion = 10.0.40219.1
Project("{9A19103F-16F7-4668-BE54-9A1E7A4F7556}") = "SmallCommitsWorkshop", "SmallCommitsWorkshop\SmallCommitsWorkshop.csproj", "{7561376E-4C55-49F1-AFD1-8185C9B3CB45}"
EndProject
Project("{FAE04EC0-301F-11D3-BF4B-00C04F79EFBC}") = "SmallCommitsWorkshopTests", "SmallCommitsWorkshopTests\SmallCommitsWorkshopTests.csproj", "{B3961A50-F6FB-4986-885C-39EE74AF717B}"
EndProject
Global
	GlobalSection(SolutionConfigurationPlatforms) = preSolution
		Debug|Any CPU = Debug|Any CPU
		Release|Any CPU = Release|Any CPU
	EndGlobalSection
	GlobalSection(ProjectConfigurationPlatforms) = postSolution
		{7561376E-4C55-49F1-AFD1-8185C9B3CB45}.Debug|Any CPU.ActiveCfg = Debug|Any CPU
		{7561376E-4C55-49F1-AFD1-8185C9B3CB45}.Debug|Any CPU.Build.0 = Debug|Any CPU
		{7561376E-4C55-49F1-AFD1-8185C9B3CB45}.Release|Any CPU.ActiveCfg = Release|Any CPU
		{7561376E-4C55-49F1-AFD1-8185C9B3CB45}.Release|Any CPU.Build.0 = Release|Any CPU
		{B3961A50-F6FB-4986-885C-39EE74AF717B}.Debug|Any CPU.ActiveCfg = Debug|Any CPU
		{B3961A50-F6FB-4986-885C-39EE74AF717B}.Debug|Any CPU.Build.0 = Debug|Any CPU
		{B3961A50-F6FB-4986-885C-39EE74AF717B}.Release|Any CPU.ActiveCfg = Release|Any CPU
		{B3961A50-F6FB-4986-885C-39EE74AF717B}.Release|Any CPU.Build.0 = Release|Any CPU
	EndGlobalSection
	GlobalSection(SolutionProperties) = preSolution
		HideSolutionNode = FALSE
	EndGlobalSection
	GlobalSection(ExtensibilityGlobals) = postSolution
		SolutionGuid = {3A68A900-87E4-4DC3-9502-0EA38944D740}
	EndGlobalSection
EndGlobal
